
Microsoft Visual Studio Solution File, Format Version 12.00
# Visual Studio Version 17
VisualStudioVersion = 17.8.34525.116
MinimumVisualStudioVersion = 10.0.40219.1
Project("{2150E333-8FDC-42A3-9474-1A3956D46DE8}") = "src", "src", "{C7A215BA-32B1-4A85-B662-0A9847F061F2}"
EndProject
Project("{9A19103F-16F7-4668-BE54-9A1E7A4F7556}") = "CalculatorFunctions", "src\CalculatorFunctions\CalculatorFunctions.csproj", "{29E21526-E40F-44BC-ADCF-28ACBB752483}"
EndProject
Project("{9A19103F-16F7-4668-BE54-9A1E7A4F7556}") = "CalculatorUnitTests", "src\CalculatorUnitTests\CalculatorUnitTests.csproj", "{7E34729F-7704-4BAB-9636-FC337FD19CB1}"
EndProject
Project("{9A19103F-16F7-4668-BE54-9A1E7A4F7556}") = "EndToEndTesting", "src\EndToEndTesting\EndToEndTesting.csproj", "{2C316319-5DA3-45B8-A56B-7B4E6F22DF59}"
EndProject
Project("{9A19103F-16F7-4668-BE54-9A1E7A4F7556}") = "CalculatorFrontEnd", "src\CalculatorFrontEnd\CalculatorFrontEnd.csproj", "{D55437F2-6B84-4763-8561-3219716C1237}"
EndProject
Global
	GlobalSection(SolutionConfigurationPlatforms) = preSolution
		Debug|Any CPU = Debug|Any CPU
		Release|Any CPU = Release|Any CPU
	EndGlobalSection
	GlobalSection(ProjectConfigurationPlatforms) = postSolution
		{29E21526-E40F-44BC-ADCF-28ACBB752483}.Debug|Any CPU.ActiveCfg = Debug|Any CPU
		{29E21526-E40F-44BC-ADCF-28ACBB752483}.Debug|Any CPU.Build.0 = Debug|Any CPU
		{29E21526-E40F-44BC-ADCF-28ACBB752483}.Release|Any CPU.ActiveCfg = Release|Any CPU
		{29E21526-E40F-44BC-ADCF-28ACBB752483}.Release|Any CPU.Build.0 = Release|Any CPU
		{7E34729F-7704-4BAB-9636-FC337FD19CB1}.Debug|Any CPU.ActiveCfg = Debug|Any CPU
		{7E34729F-7704-4BAB-9636-FC337FD19CB1}.Debug|Any CPU.Build.0 = Debug|Any CPU
		{7E34729F-7704-4BAB-9636-FC337FD19CB1}.Release|Any CPU.ActiveCfg = Release|Any CPU
		{7E34729F-7704-4BAB-9636-FC337FD19CB1}.Release|Any CPU.Build.0 = Release|Any CPU
		{2C316319-5DA3-45B8-A56B-7B4E6F22DF59}.Debug|Any CPU.ActiveCfg = Debug|Any CPU
		{2C316319-5DA3-45B8-A56B-7B4E6F22DF59}.Debug|Any CPU.Build.0 = Debug|Any CPU
		{2C316319-5DA3-45B8-A56B-7B4E6F22DF59}.Release|Any CPU.ActiveCfg = Release|Any CPU
		{2C316319-5DA3-45B8-A56B-7B4E6F22DF59}.Release|Any CPU.Build.0 = Release|Any CPU
		{D55437F2-6B84-4763-8561-3219716C1237}.Debug|Any CPU.ActiveCfg = Debug|Any CPU
		{D55437F2-6B84-4763-8561-3219716C1237}.Debug|Any CPU.Build.0 = Debug|Any CPU
		{D55437F2-6B84-4763-8561-3219716C1237}.Release|Any CPU.ActiveCfg = Release|Any CPU
		{D55437F2-6B84-4763-8561-3219716C1237}.Release|Any CPU.Build.0 = Release|Any CPU
	EndGlobalSection
	GlobalSection(SolutionProperties) = preSolution
		HideSolutionNode = FALSE
	EndGlobalSection
	GlobalSection(NestedProjects) = preSolution
		{29E21526-E40F-44BC-ADCF-28ACBB752483} = {C7A215BA-32B1-4A85-B662-0A9847F061F2}
		{7E34729F-7704-4BAB-9636-FC337FD19CB1} = {C7A215BA-32B1-4A85-B662-0A9847F061F2}
		{2C316319-5DA3-45B8-A56B-7B4E6F22DF59} = {C7A215BA-32B1-4A85-B662-0A9847F061F2}
		{D55437F2-6B84-4763-8561-3219716C1237} = {C7A215BA-32B1-4A85-B662-0A9847F061F2}
	EndGlobalSection
	GlobalSection(ExtensibilityGlobals) = postSolution
		SolutionGuid = {C4ED73E0-A3BD-4A7E-A06F-8602E2F620E0}
	EndGlobalSection
EndGlobal
